
Microsoft Visual Studio Solution File, Format Version 12.00
# Visual Studio Version 17
VisualStudioVersion = 17.11.35327.3
MinimumVisualStudioVersion = 10.0.40219.1
Project("{FAE04EC0-301F-11D3-BF4B-00C04F79EFBC}") = "Paperman", "Paperman\Paperman.csproj", "{B2155263-59CE-4872-B78A-A1A523ADFB8A}"
EndProject
Global
	GlobalSection(SolutionConfigurationPlatforms) = preSolution
		Debug|Any CPU = Debug|Any CPU
		Release|Any CPU = Release|Any CPU
	EndGlobalSection
	GlobalSection(ProjectConfigurationPlatforms) = postSolution
		{B2155263-59CE-4872-B78A-A1A523ADFB8A}.Debug|Any CPU.ActiveCfg = Debug|Any CPU
		{B2155263-59CE-4872-B78A-A1A523ADFB8A}.Debug|Any CPU.Build.0 = Debug|Any CPU
		{B2155263-59CE-4872-B78A-A1A523ADFB8A}.Release|Any CPU.ActiveCfg = Release|Any CPU
		{B2155263-59CE-4872-B78A-A1A523ADFB8A}.Release|Any CPU.Build.0 = Release|Any CPU
	EndGlobalSection
	GlobalSection(SolutionProperties) = preSolution
		HideSolutionNode = FALSE
	EndGlobalSection
	GlobalSection(ExtensibilityGlobals) = postSolution
		SolutionGuid = {7FEB834C-D9C2-4210-9A3C-1A22E56016BB}
	EndGlobalSection
EndGlobal
